<?xml version="1.0" encoding="utf-8"?>
<Project ToolsVersion="4.0" xmlns="http://schemas.microsoft.com/developer/msbuild/2003">
  <ItemGroup>
    <Filter Include="src">
      <UniqueIdentifier>{dd23389b-9139-481c-8c1b-533d7b5a4059}</UniqueIdentifier>
    </Filter>
  </ItemGroup>
  <ItemGroup>
    <ClCompile Include="..\src\idfinder.cpp">
      <Filter>src</Filter>
    </ClCompile>
  </ItemGroup>
  <ItemGroup>
    <ClInclude Include="..\src\idfinder.h">
      <Filter>src</Filter>
    </ClInclude>
    <ClInclude Include="..\src\SPTIUtil.h">
      <Filter>src</Filter>
    </ClInclude>
    <ClInclude Include="..\src\StorageDeviceDefs.h">
      <Filter>src</Filter>
    </ClInclude>
    <ClInclude Include="..\src\StorageQuery.h">
      <Filter>src</Filter>
    </ClInclude>
  </ItemGroup>
</Project>